
Microsoft Visual Studio Solution File, Format Version 12.00
# Visual Studio 2017
Project("{FAE04EC0-301F-11D3-BF4B-00C04F79EFBC}") = "Week2", "Week2.csproj", "{96958288-4919-EB62-9304-1236BF8B63DC}"
EndProject
Global
	GlobalSection(SolutionConfigurationPlatforms) = preSolution
		Debug|Any CPU = Debug|Any CPU
		Release|Any CPU = Release|Any CPU
	EndGlobalSection
	GlobalSection(ProjectConfigurationPlatforms) = postSolution
		{96958288-4919-EB62-9304-1236BF8B63DC}.Debug|Any CPU.ActiveCfg = Debug|Any CPU
		{96958288-4919-EB62-9304-1236BF8B63DC}.Debug|Any CPU.Build.0 = Debug|Any CPU
		{96958288-4919-EB62-9304-1236BF8B63DC}.Release|Any CPU.ActiveCfg = Release|Any CPU
		{96958288-4919-EB62-9304-1236BF8B63DC}.Release|Any CPU.Build.0 = Release|Any CPU
	EndGlobalSection
	GlobalSection(SolutionProperties) = preSolution
		HideSolutionNode = FALSE
	EndGlobalSection
EndGlobal
